{
  "name": "coreguard",
  "version": "0.1.0",
  "lockfileVersion": 3,
  "requires": true,
  "packages": {
    "": {
      "name": "coreguard",
      "version": "0.1.0",
      "license": "MIT",
      "workspaces": [
        "packages/*"
      ],
      "engines": {
        "node": ">=18"
      }
    },
    "node_modules/@coreguard/canonical": {
      "resolved": "packages/canonical",
      "link": true
    },
    "node_modules/@coreguard/cli": {
      "resolved": "packages/cli",
      "link": true
    },
    "node_modules/@coreguard/evidence": {
      "resolved": "packages/evidence",
      "link": true
    },
    "node_modules/@coreguard/evm": {
      "resolved": "packages/evm",
      "link": true
    },
    "node_modules/@coreguard/firewall": {
      "resolved": "packages/firewall",
      "link": true
    },
    "node_modules/@coreguard/independent-verifier": {
      "resolved": "packages/independent-verifier",
      "link": true
    },
    "node_modules/@coreguard/intent": {
      "resolved": "packages/intent",
      "link": true
    },
    "node_modules/@coreguard/policy": {
      "resolved": "packages/policy",
      "link": true
    },
    "node_modules/@coreguard/provenance": {
      "resolved": "packages/provenance",
      "link": true
    },
    "node_modules/@coreguard/sdk": {
      "resolved": "packages/sdk",
      "link": true
    },
    "node_modules/@coreguard/trace": {
      "resolved": "packages/trace",
      "link": true
    },
    "node_modules/@coreguard/verifier": {
      "resolved": "packages/verifier",
      "link": true
    },
    "node_modules/@noble/curves": {
      "version": "1.9.7",
      "resolved": "https://registry.npmjs.org/@noble/curves/-/curves-1.9.7.tgz",
      "integrity": "sha512-gbKGcRUYIjA3/zCCNaWDciTMFI0dCkvou3TL8Zmy5Nc7sJ47a0jtOeZoTaMxkuqRo9cRhjOdZJXegxYE5FN/xw==",
      "license": "MIT",
      "dependencies": {
        "@noble/hashes": "1.8.0"
      },
      "engines": {
        "node": "^14.21.3 || >=16"
      },
      "funding": {
        "url": "https://paulmillr.com/funding/"
      }
    },
    "node_modules/@noble/hashes": {
      "version": "1.8.0",
      "resolved": "https://registry.npmjs.org/@noble/hashes/-/hashes-1.8.0.tgz",
      "integrity": "sha512-jCs9ldd7NwzpgXDIf6P3+NrHh9/sD6CQdxHyjQI+h/6rDNo88ypBxxz45UDuZHz9r3tNz7N/VInSVoVdtXEI4A==",
      "license": "MIT",
      "engines": {
        "node": "^14.21.3 || >=16"
      },
      "funding": {
        "url": "https://paulmillr.com/funding/"
      }
    },
    "packages/canonical": {
      "name": "@coreguard/canonical",
      "version": "0.1.0",
      "license": "MIT"
    },
    "packages/cli": {
      "name": "@coreguard/cli",
      "version": "0.1.0",
      "license": "MIT",
      "bin": {
        "coreguard": "src/index.js"
      }
    },
    "packages/evidence": {
      "name": "@coreguard/evidence",
      "version": "0.1.0",
      "license": "MIT"
    },
    "packages/evm": {
      "name": "@coreguard/evm",
      "version": "0.1.0",
      "license": "MIT",
      "dependencies": {
        "@noble/curves": "^1.9.0",
        "@noble/hashes": "^1.8.0"
      }
    },
    "packages/firewall": {
      "name": "@coreguard/firewall",
      "version": "0.1.0",
      "license": "MIT"
    },
    "packages/independent-verifier": {
      "name": "@coreguard/independent-verifier",
      "version": "0.1.0",
      "license": "MIT",
      "engines": {
        "node": ">=18"
      }
    },
    "packages/intent": {
      "name": "@coreguard/intent",
      "version": "0.1.0",
      "license": "MIT"
    },
    "packages/policy": {
      "name": "@coreguard/policy",
      "version": "0.1.0",
      "license": "MIT"
    },
    "packages/provenance": {
      "name": "@coreguard/provenance",
      "version": "0.1.0",
      "license": "MIT",
      "optionalDependencies": {
        "@coreguard/evm": "0.1.0"
      }
    },
    "packages/sdk": {
      "name": "@coreguard/sdk",
      "version": "0.1.0",
      "license": "MIT"
    },
    "packages/trace": {
      "name": "@coreguard/trace",
      "version": "0.1.0",
      "license": "MIT"
    },
    "packages/verifier": {
      "name": "@coreguard/verifier",
      "version": "0.1.0",
      "license": "MIT"
    }
  }
}
